
Microsoft Visual Studio Solution File, Format Version 12.00
# Visual Studio Version 17
VisualStudioVersion = 17.11.35327.3
MinimumVisualStudioVersion = 10.0.40219.1
Project("{FAE04EC0-301F-11D3-BF4B-00C04F79EFBC}") = "CookieDemo", "CookieDemo\CookieDemo.csproj", "{70A731D1-BFF6-426C-AC4F-ED18C16432F0}"
EndProject
Global
	GlobalSection(SolutionConfigurationPlatforms) = preSolution
		Debug|Any CPU = Debug|Any CPU
		Release|Any CPU = Release|Any CPU
	EndGlobalSection
	GlobalSection(ProjectConfigurationPlatforms) = postSolution
		{70A731D1-BFF6-426C-AC4F-ED18C16432F0}.Debug|Any CPU.ActiveCfg = Debug|Any CPU
		{70A731D1-BFF6-426C-AC4F-ED18C16432F0}.Debug|Any CPU.Build.0 = Debug|Any CPU
		{70A731D1-BFF6-426C-AC4F-ED18C16432F0}.Release|Any CPU.ActiveCfg = Release|Any CPU
		{70A731D1-BFF6-426C-AC4F-ED18C16432F0}.Release|Any CPU.Build.0 = Release|Any CPU
	EndGlobalSection
	GlobalSection(SolutionProperties) = preSolution
		HideSolutionNode = FALSE
	EndGlobalSection
	GlobalSection(ExtensibilityGlobals) = postSolution
		SolutionGuid = {C5846AAD-9038-46F9-890F-7BA54C4B4E27}
	EndGlobalSection
EndGlobal
